
Microsoft Visual Studio Solution File, Format Version 12.00
# Visual Studio 14
VisualStudioVersion = 14.0.25420.1
MinimumVisualStudioVersion = 10.0.40219.1
Project("{FAE04EC0-301F-11D3-BF4B-00C04F79EFBC}") = "Gamology", "Gamology\Gamology.csproj", "{538AD710-271F-4303-9A81-BA34BE096157}"
EndProject
Project("{FAE04EC0-301F-11D3-BF4B-00C04F79EFBC}") = "Gamology.UserInterface", "Gamology.UserInterface\Gamology.UserInterface.csproj", "{B064A91A-571C-4D5B-86BB-E590BD6F0F2F}"
EndProject
Project("{FAE04EC0-301F-11D3-BF4B-00C04F79EFBC}") = "Gamology.DataModel", "Gamology.DataModel\Gamology.DataModel.csproj", "{2BCEE0C6-3BC4-415D-846E-F7E0DD33192A}"
EndProject
Global
	GlobalSection(SolutionConfigurationPlatforms) = preSolution
		Debug|Any CPU = Debug|Any CPU
		Debug|x64 = Debug|x64
		Debug|x86 = Debug|x86
		Release|Any CPU = Release|Any CPU
		Release|x64 = Release|x64
		Release|x86 = Release|x86
	EndGlobalSection
	GlobalSection(ProjectConfigurationPlatforms) = postSolution
		{538AD710-271F-4303-9A81-BA34BE096157}.Debug|Any CPU.ActiveCfg = Debug|Any CPU
		{538AD710-271F-4303-9A81-BA34BE096157}.Debug|Any CPU.Build.0 = Debug|Any CPU
		{538AD710-271F-4303-9A81-BA34BE096157}.Debug|x64.ActiveCfg = Debug|x64
		{538AD710-271F-4303-9A81-BA34BE096157}.Debug|x64.Build.0 = Debug|x64
		{538AD710-271F-4303-9A81-BA34BE096157}.Debug|x86.ActiveCfg = Debug|Any CPU
		{538AD710-271F-4303-9A81-BA34BE096157}.Debug|x86.Build.0 = Debug|Any CPU
		{538AD710-271F-4303-9A81-BA34BE096157}.Debug|x86.Deploy.0 = Debug|Any CPU
		{538AD710-271F-4303-9A81-BA34BE096157}.Release|Any CPU.ActiveCfg = Release|Any CPU
		{538AD710-271F-4303-9A81-BA34BE096157}.Release|Any CPU.Build.0 = Release|Any CPU
		{538AD710-271F-4303-9A81-BA34BE096157}.Release|x64.ActiveCfg = Release|x64
		{538AD710-271F-4303-9A81-BA34BE096157}.Release|x64.Build.0 = Release|x64
		{538AD710-271F-4303-9A81-BA34BE096157}.Release|x86.ActiveCfg = Release|Any CPU
		{538AD710-271F-4303-9A81-BA34BE096157}.Release|x86.Build.0 = Release|Any CPU
		{B064A91A-571C-4D5B-86BB-E590BD6F0F2F}.Debug|Any CPU.ActiveCfg = Debug|Any CPU
		{B064A91A-571C-4D5B-86BB-E590BD6F0F2F}.Debug|Any CPU.Build.0 = Debug|Any CPU
		{B064A91A-571C-4D5B-86BB-E590BD6F0F2F}.Debug|x64.ActiveCfg = Debug|Any CPU
		{B064A91A-571C-4D5B-86BB-E590BD6F0F2F}.Debug|x64.Build.0 = Debug|Any CPU
		{B064A91A-571C-4D5B-86BB-E590BD6F0F2F}.Debug|x86.ActiveCfg = Debug|Any CPU
		{B064A91A-571C-4D5B-86BB-E590BD6F0F2F}.Debug|x86.Build.0 = Debug|Any CPU
		{B064A91A-571C-4D5B-86BB-E590BD6F0F2F}.Release|Any CPU.ActiveCfg = Release|Any CPU
		{B064A91A-571C-4D5B-86BB-E590BD6F0F2F}.Release|Any CPU.Build.0 = Release|Any CPU
		{B064A91A-571C-4D5B-86BB-E590BD6F0F2F}.Release|x64.ActiveCfg = Release|Any CPU
		{B064A91A-571C-4D5B-86BB-E590BD6F0F2F}.Release|x64.Build.0 = Release|Any CPU
		{B064A91A-571C-4D5B-86BB-E590BD6F0F2F}.Release|x86.ActiveCfg = Release|Any CPU
		{B064A91A-571C-4D5B-86BB-E590BD6F0F2F}.Release|x86.Build.0 = Release|Any CPU
		{2BCEE0C6-3BC4-415D-846E-F7E0DD33192A}.Debug|Any CPU.ActiveCfg = Debug|Any CPU
		{2BCEE0C6-3BC4-415D-846E-F7E0DD33192A}.Debug|Any CPU.Build.0 = Debug|Any CPU
		{2BCEE0C6-3BC4-415D-846E-F7E0DD33192A}.Debug|x64.ActiveCfg = Debug|Any CPU
		{2BCEE0C6-3BC4-415D-846E-F7E0DD33192A}.Debug|x64.Build.0 = Debug|Any CPU
		{2BCEE0C6-3BC4-415D-846E-F7E0DD33192A}.Debug|x86.ActiveCfg = Debug|Any CPU
		{2BCEE0C6-3BC4-415D-846E-F7E0DD33192A}.Debug|x86.Build.0 = Debug|Any CPU
		{2BCEE0C6-3BC4-415D-846E-F7E0DD33192A}.Release|Any CPU.ActiveCfg = Release|Any CPU
		{2BCEE0C6-3BC4-415D-846E-F7E0DD33192A}.Release|Any CPU.Build.0 = Release|Any CPU
		{2BCEE0C6-3BC4-415D-846E-F7E0DD33192A}.Release|x64.ActiveCfg = Release|Any CPU
		{2BCEE0C6-3BC4-415D-846E-F7E0DD33192A}.Release|x64.Build.0 = Release|Any CPU
		{2BCEE0C6-3BC4-415D-846E-F7E0DD33192A}.Release|x86.ActiveCfg = Release|Any CPU
		{2BCEE0C6-3BC4-415D-846E-F7E0DD33192A}.Release|x86.Build.0 = Release|Any CPU
	EndGlobalSection
	GlobalSection(SolutionProperties) = preSolution
		HideSolutionNode = FALSE
	EndGlobalSection
EndGlobal
